PODS:
  - FMDB (2.5):
    - FMDB/standard (= 2.5)
  - FMDB/common (2.5)
  - FMDB/standard (2.5):
    - FMDB/common
  - Realm (0.94.1):
    - Realm/Headers (= 0.94.1)
  - Realm/Headers (0.94.1)
  - RealmSwift (0.94.1):
    - Realm (= 0.94.1)

DEPENDENCIES:
  - FMDB (from `https://github.com/ccgus/fmdb`, branch `swiftFramework`)
  - Realm
  - RealmSwift

EXTERNAL SOURCES:
  FMDB:
    :branch: swiftFramework
    :git: https://github.com/ccgus/fmdb

CHECKOUT OPTIONS:
  FMDB:
    :commit: 43881cfcff4aedf5d8ea4045ab21a8f097ed35fa
    :git: https://github.com/ccgus/fmdb

SPEC CHECKSUMS:
  FMDB: 8e59e93d20d76d0b135db26ecc83ae88d016076d
  Realm: d999a6cf0b41577a077349c9cc9d496cc62a7d17
  RealmSwift: 06b60ff5b1338755654d39aab44ac38001600f76

COCOAPODS: 0.38.2
